
Microsoft Visual Studio Solution File, Format Version 12.00
# Visual Studio 15
VisualStudioVersion = 15.0.28010.2050
MinimumVisualStudioVersion = 10.0.40219.1
Project("{FAE04EC0-301F-11D3-BF4B-00C04F79EFBC}") = "migration", "migration\migration.csproj", "{D6AF2C1B-1352-4346-A986-173B99838140}"
EndProject
Project("{FAE04EC0-301F-11D3-BF4B-00C04F79EFBC}") = "MyDAL", "MyDAL\MyDAL.csproj", "{ADC299B5-F089-493D-A710-829AEE7B3E27}"
EndProject
Project("{FAE04EC0-301F-11D3-BF4B-00C04F79EFBC}") = "SQLDAL", "SQLDAL\SQLDAL.csproj", "{9C5BA8C5-D3D7-42EC-8A0F-F0902EB98126}"
EndProject
Global
	GlobalSection(SolutionConfigurationPlatforms) = preSolution
		Debug|Any CPU = Debug|Any CPU
		Release|Any CPU = Release|Any CPU
	EndGlobalSection
	GlobalSection(ProjectConfigurationPlatforms) = postSolution
		{D6AF2C1B-1352-4346-A986-173B99838140}.Debug|Any CPU.ActiveCfg = Debug|Any CPU
		{D6AF2C1B-1352-4346-A986-173B99838140}.Debug|Any CPU.Build.0 = Debug|Any CPU
		{D6AF2C1B-1352-4346-A986-173B99838140}.Release|Any CPU.ActiveCfg = Release|Any CPU
		{D6AF2C1B-1352-4346-A986-173B99838140}.Release|Any CPU.Build.0 = Release|Any CPU
		{ADC299B5-F089-493D-A710-829AEE7B3E27}.Debug|Any CPU.ActiveCfg = Debug|Any CPU
		{ADC299B5-F089-493D-A710-829AEE7B3E27}.Debug|Any CPU.Build.0 = Debug|Any CPU
		{ADC299B5-F089-493D-A710-829AEE7B3E27}.Release|Any CPU.ActiveCfg = Release|Any CPU
		{ADC299B5-F089-493D-A710-829AEE7B3E27}.Release|Any CPU.Build.0 = Release|Any CPU
		{9C5BA8C5-D3D7-42EC-8A0F-F0902EB98126}.Debug|Any CPU.ActiveCfg = Debug|Any CPU
		{9C5BA8C5-D3D7-42EC-8A0F-F0902EB98126}.Debug|Any CPU.Build.0 = Debug|Any CPU
		{9C5BA8C5-D3D7-42EC-8A0F-F0902EB98126}.Release|Any CPU.ActiveCfg = Release|Any CPU
		{9C5BA8C5-D3D7-42EC-8A0F-F0902EB98126}.Release|Any CPU.Build.0 = Release|Any CPU
	EndGlobalSection
	GlobalSection(SolutionProperties) = preSolution
		HideSolutionNode = FALSE
	EndGlobalSection
	GlobalSection(ExtensibilityGlobals) = postSolution
		SolutionGuid = {A6F54B63-CA65-48C9-97EE-C9A55891B583}
	EndGlobalSection
EndGlobal
